
Microsoft Visual Studio Solution File, Format Version 12.00
# Visual Studio Version 17
VisualStudioVersion = 17.5.33530.505
MinimumVisualStudioVersion = 10.0.40219.1
Project("{FAE04EC0-301F-11D3-BF4B-00C04F79EFBC}") = "Hackathon_Ass", "Hackathon_Ass\Hackathon_Ass.csproj", "{58D6D074-FA3A-4B30-83CB-CE71976AEFE2}"
EndProject
Global
	GlobalSection(SolutionConfigurationPlatforms) = preSolution
		Debug|Any CPU = Debug|Any CPU
		Release|Any CPU = Release|Any CPU
	EndGlobalSection
	GlobalSection(ProjectConfigurationPlatforms) = postSolution
		{58D6D074-FA3A-4B30-83CB-CE71976AEFE2}.Debug|Any CPU.ActiveCfg = Debug|Any CPU
		{58D6D074-FA3A-4B30-83CB-CE71976AEFE2}.Debug|Any CPU.Build.0 = Debug|Any CPU
		{58D6D074-FA3A-4B30-83CB-CE71976AEFE2}.Release|Any CPU.ActiveCfg = Release|Any CPU
		{58D6D074-FA3A-4B30-83CB-CE71976AEFE2}.Release|Any CPU.Build.0 = Release|Any CPU
	EndGlobalSection
	GlobalSection(SolutionProperties) = preSolution
		HideSolutionNode = FALSE
	EndGlobalSection
	GlobalSection(ExtensibilityGlobals) = postSolution
		SolutionGuid = {FA65D89A-287F-418F-8CF1-461F7F41EEC6}
	EndGlobalSection
EndGlobal
